
Microsoft Visual Studio Solution File, Format Version 12.00
# Visual Studio 15
VisualStudioVersion = 15.0.26730.16
MinimumVisualStudioVersion = 10.0.40219.1
Project("{FAE04EC0-301F-11D3-BF4B-00C04F79EFBC}") = "WpfApp3", "WpfApp3.csproj", "{9C236B03-670B-460F-89FE-96FFA74F1662}"
EndProject
Global
	GlobalSection(SolutionConfigurationPlatforms) = preSolution
		Debug|Any CPU = Debug|Any CPU
		Release|Any CPU = Release|Any CPU
	EndGlobalSection
	GlobalSection(ProjectConfigurationPlatforms) = postSolution
		{9C236B03-670B-460F-89FE-96FFA74F1662}.Debug|Any CPU.ActiveCfg = Debug|Any CPU
		{9C236B03-670B-460F-89FE-96FFA74F1662}.Debug|Any CPU.Build.0 = Debug|Any CPU
		{9C236B03-670B-460F-89FE-96FFA74F1662}.Release|Any CPU.ActiveCfg = Release|Any CPU
		{9C236B03-670B-460F-89FE-96FFA74F1662}.Release|Any CPU.Build.0 = Release|Any CPU
	EndGlobalSection
	GlobalSection(SolutionProperties) = preSolution
		HideSolutionNode = FALSE
	EndGlobalSection
	GlobalSection(ExtensibilityGlobals) = postSolution
		SolutionGuid = {D417A033-B5B0-4E6C-8FE5-4C10B856FB8E}
	EndGlobalSection
EndGlobal
